
Microsoft Visual Studio Solution File, Format Version 12.00
# Visual Studio Version 16
VisualStudioVersion = 16.0.29306.81
MinimumVisualStudioVersion = 10.0.40219.1
Project("{2150E333-8FDC-42A3-9474-1A3956D46DE8}") = "Swarm", "Swarm", "{A37F4E51-F584-4292-B1B7-66A5C38C3F0B}"
EndProject
Project("{2150E333-8FDC-42A3-9474-1A3956D46DE8}") = "ThirdParty", "Swarm\ThirdParty", "{486AC2CD-0690-4CB8-89B4-A7754BBCA33F}"
EndProject
Project("{9A19103F-16F7-4668-BE54-9A1E7A4F7556}") = "SDL2-CS.Core", "Swarm\ThirdParty\SDL2-CS\SDL2-CS.Core.csproj", "{3948314E-EDD7-494B-85B6-EAAA03C1B5E7}"
EndProject
Project("{9A19103F-16F7-4668-BE54-9A1E7A4F7556}") = "SwarmBasics", "Swarm\SwarmBasics\SwarmBasics.csproj", "{BD551BFF-4C59-4746-9FC1-D6B6BFEFD392}"
EndProject
Project("{9A19103F-16F7-4668-BE54-9A1E7A4F7556}") = "SwarmCore", "Swarm\SwarmCore\SwarmCore.csproj", "{1E44AD16-BCD6-49A2-9480-30FCB8AD277D}"
EndProject
Project("{9A19103F-16F7-4668-BE54-9A1E7A4F7556}") = "SwarmPlatform", "Swarm\SwarmPlatform\SwarmPlatform.csproj", "{24F581FD-22C9-4A42-B1B5-58FE4143C8B2}"
EndProject
Project("{9A19103F-16F7-4668-BE54-9A1E7A4F7556}") = "ModrogCommon", "ModrogCommon\ModrogCommon.csproj", "{38E3DBBF-5F05-4979-B831-35C1FD74426E}"
EndProject
Project("{9A19103F-16F7-4668-BE54-9A1E7A4F7556}") = "ModrogApi", "ModrogApi\ModrogApi.csproj", "{D6A758B8-9313-470D-BF1A-3B896C0405B9}"
EndProject
Project("{9A19103F-16F7-4668-BE54-9A1E7A4F7556}") = "ModrogClient", "ModrogClient\ModrogClient.csproj", "{27B26297-DBDA-45C9-A886-97A2BFE61EE0}"
EndProject
Project("{9A19103F-16F7-4668-BE54-9A1E7A4F7556}") = "ModrogServer", "ModrogServer\ModrogServer.csproj", "{62D44424-6FDA-4693-A8CF-6E2D7ED7F53F}"
EndProject
Project("{9A19103F-16F7-4668-BE54-9A1E7A4F7556}") = "ModrogEditor", "ModrogEditor\ModrogEditor.csproj", "{BDD619EC-CAC7-42A7-9ED6-55B7CBEA74D3}"
EndProject
Global
	GlobalSection(SolutionConfigurationPlatforms) = preSolution
		Debug|x64 = Debug|x64
		Release|x64 = Release|x64
	EndGlobalSection
	GlobalSection(ProjectConfigurationPlatforms) = postSolution
		{3948314E-EDD7-494B-85B6-EAAA03C1B5E7}.Debug|x64.ActiveCfg = Debug|x64
		{3948314E-EDD7-494B-85B6-EAAA03C1B5E7}.Debug|x64.Build.0 = Debug|x64
		{3948314E-EDD7-494B-85B6-EAAA03C1B5E7}.Release|x64.ActiveCfg = Release|x64
		{3948314E-EDD7-494B-85B6-EAAA03C1B5E7}.Release|x64.Build.0 = Release|x64
		{BD551BFF-4C59-4746-9FC1-D6B6BFEFD392}.Debug|x64.ActiveCfg = Debug|x64
		{BD551BFF-4C59-4746-9FC1-D6B6BFEFD392}.Debug|x64.Build.0 = Debug|x64
		{BD551BFF-4C59-4746-9FC1-D6B6BFEFD392}.Release|x64.ActiveCfg = Release|x64
		{BD551BFF-4C59-4746-9FC1-D6B6BFEFD392}.Release|x64.Build.0 = Release|x64
		{1E44AD16-BCD6-49A2-9480-30FCB8AD277D}.Debug|x64.ActiveCfg = Debug|x64
		{1E44AD16-BCD6-49A2-9480-30FCB8AD277D}.Debug|x64.Build.0 = Debug|x64
		{1E44AD16-BCD6-49A2-9480-30FCB8AD277D}.Release|x64.ActiveCfg = Release|x64
		{1E44AD16-BCD6-49A2-9480-30FCB8AD277D}.Release|x64.Build.0 = Release|x64
		{24F581FD-22C9-4A42-B1B5-58FE4143C8B2}.Debug|x64.ActiveCfg = Debug|x64
		{24F581FD-22C9-4A42-B1B5-58FE4143C8B2}.Debug|x64.Build.0 = Debug|x64
		{24F581FD-22C9-4A42-B1B5-58FE4143C8B2}.Release|x64.ActiveCfg = Release|x64
		{24F581FD-22C9-4A42-B1B5-58FE4143C8B2}.Release|x64.Build.0 = Release|x64
		{38E3DBBF-5F05-4979-B831-35C1FD74426E}.Debug|x64.ActiveCfg = Debug|x64
		{38E3DBBF-5F05-4979-B831-35C1FD74426E}.Debug|x64.Build.0 = Debug|x64
		{38E3DBBF-5F05-4979-B831-35C1FD74426E}.Release|x64.ActiveCfg = Release|x64
		{38E3DBBF-5F05-4979-B831-35C1FD74426E}.Release|x64.Build.0 = Release|x64
		{D6A758B8-9313-470D-BF1A-3B896C0405B9}.Debug|x64.ActiveCfg = Debug|x64
		{D6A758B8-9313-470D-BF1A-3B896C0405B9}.Debug|x64.Build.0 = Debug|x64
		{D6A758B8-9313-470D-BF1A-3B896C0405B9}.Release|x64.ActiveCfg = Release|x64
		{D6A758B8-9313-470D-BF1A-3B896C0405B9}.Release|x64.Build.0 = Release|x64
		{27B26297-DBDA-45C9-A886-97A2BFE61EE0}.Debug|x64.ActiveCfg = Debug|x64
		{27B26297-DBDA-45C9-A886-97A2BFE61EE0}.Debug|x64.Build.0 = Debug|x64
		{27B26297-DBDA-45C9-A886-97A2BFE61EE0}.Release|x64.ActiveCfg = Release|x64
		{27B26297-DBDA-45C9-A886-97A2BFE61EE0}.Release|x64.Build.0 = Release|x64
		{62D44424-6FDA-4693-A8CF-6E2D7ED7F53F}.Debug|x64.ActiveCfg = Debug|x64
		{62D44424-6FDA-4693-A8CF-6E2D7ED7F53F}.Debug|x64.Build.0 = Debug|x64
		{62D44424-6FDA-4693-A8CF-6E2D7ED7F53F}.Release|x64.ActiveCfg = Release|x64
		{62D44424-6FDA-4693-A8CF-6E2D7ED7F53F}.Release|x64.Build.0 = Release|x64
		{BDD619EC-CAC7-42A7-9ED6-55B7CBEA74D3}.Debug|x64.ActiveCfg = Debug|x64
		{BDD619EC-CAC7-42A7-9ED6-55B7CBEA74D3}.Debug|x64.Build.0 = Debug|x64
		{BDD619EC-CAC7-42A7-9ED6-55B7CBEA74D3}.Release|x64.ActiveCfg = Release|x64
		{BDD619EC-CAC7-42A7-9ED6-55B7CBEA74D3}.Release|x64.Build.0 = Release|x64
	EndGlobalSection
	GlobalSection(SolutionProperties) = preSolution
		HideSolutionNode = FALSE
	EndGlobalSection
	GlobalSection(NestedProjects) = preSolution
		{486AC2CD-0690-4CB8-89B4-A7754BBCA33F} = {A37F4E51-F584-4292-B1B7-66A5C38C3F0B}
		{3948314E-EDD7-494B-85B6-EAAA03C1B5E7} = {486AC2CD-0690-4CB8-89B4-A7754BBCA33F}
		{BD551BFF-4C59-4746-9FC1-D6B6BFEFD392} = {A37F4E51-F584-4292-B1B7-66A5C38C3F0B}
		{1E44AD16-BCD6-49A2-9480-30FCB8AD277D} = {A37F4E51-F584-4292-B1B7-66A5C38C3F0B}
		{24F581FD-22C9-4A42-B1B5-58FE4143C8B2} = {A37F4E51-F584-4292-B1B7-66A5C38C3F0B}
	EndGlobalSection
	GlobalSection(ExtensibilityGlobals) = postSolution
		SolutionGuid = {73D84095-8F30-4BE6-BF19-FE280C8773D7}
	EndGlobalSection
EndGlobal
